
Microsoft Visual Studio Solution File, Format Version 12.00
# Visual Studio Version 16
VisualStudioVersion = 16.0.29613.14
MinimumVisualStudioVersion = 10.0.40219.1
Project("{8BC9CEB8-8B4A-11D0-8D11-00A0C91BC942}") = "Mastermind", "Mastermind\Mastermind.vcxproj", "{A41466DA-48D9-44D6-B7E0-14A68F258FB5}"
EndProject
Global
	GlobalSection(SolutionConfigurationPlatforms) = preSolution
		Debug|x64 = Debug|x64
		Debug|x86 = Debug|x86
		Release|x64 = Release|x64
		Release|x86 = Release|x86
	EndGlobalSection
	GlobalSection(ProjectConfigurationPlatforms) = postSolution
		{A41466DA-48D9-44D6-B7E0-14A68F258FB5}.Debug|x64.ActiveCfg = Debug|x64
		{A41466DA-48D9-44D6-B7E0-14A68F258FB5}.Debug|x64.Build.0 = Debug|x64
		{A41466DA-48D9-44D6-B7E0-14A68F258FB5}.Debug|x86.ActiveCfg = Debug|Win32
		{A41466DA-48D9-44D6-B7E0-14A68F258FB5}.Debug|x86.Build.0 = Debug|Win32
		{A41466DA-48D9-44D6-B7E0-14A68F258FB5}.Release|x64.ActiveCfg = Release|x64
		{A41466DA-48D9-44D6-B7E0-14A68F258FB5}.Release|x64.Build.0 = Release|x64
		{A41466DA-48D9-44D6-B7E0-14A68F258FB5}.Release|x86.ActiveCfg = Release|Win32
		{A41466DA-48D9-44D6-B7E0-14A68F258FB5}.Release|x86.Build.0 = Release|Win32
	EndGlobalSection
	GlobalSection(SolutionProperties) = preSolution
		HideSolutionNode = FALSE
	EndGlobalSection
	GlobalSection(ExtensibilityGlobals) = postSolution
		SolutionGuid = {9BA9E2FB-6AD0-4A15-9673-19C9AFDC7052}
	EndGlobalSection
EndGlobal
